
Microsoft Visual Studio Solution File, Format Version 12.00
# Visual Studio Version 17
VisualStudioVersion = 17.6.33829.357
MinimumVisualStudioVersion = 10.0.40219.1
Project("{FAE04EC0-301F-11D3-BF4B-00C04F79EFBC}") = "CustomerAppLineItem", "CustomerAppLineItem\CustomerAppLineItem.csproj", "{F92EB7F4-5ECE-4B18-BABF-7A35018EC76A}"
EndProject
Global
	GlobalSection(SolutionConfigurationPlatforms) = preSolution
		Debug|Any CPU = Debug|Any CPU
		Release|Any CPU = Release|Any CPU
	EndGlobalSection
	GlobalSection(ProjectConfigurationPlatforms) = postSolution
		{F92EB7F4-5ECE-4B18-BABF-7A35018EC76A}.Debug|Any CPU.ActiveCfg = Debug|Any CPU
		{F92EB7F4-5ECE-4B18-BABF-7A35018EC76A}.Debug|Any CPU.Build.0 = Debug|Any CPU
		{F92EB7F4-5ECE-4B18-BABF-7A35018EC76A}.Release|Any CPU.ActiveCfg = Release|Any CPU
		{F92EB7F4-5ECE-4B18-BABF-7A35018EC76A}.Release|Any CPU.Build.0 = Release|Any CPU
	EndGlobalSection
	GlobalSection(SolutionProperties) = preSolution
		HideSolutionNode = FALSE
	EndGlobalSection
	GlobalSection(ExtensibilityGlobals) = postSolution
		SolutionGuid = {2C11FB11-17AA-4414-9CD2-0796391E3452}
	EndGlobalSection
EndGlobal
